// !$*UTF8*$!
{
	archiveVersion = 1;
	classes = {
	};
	objectVersion = 50;
	objects = {

/* Begin PBXBuildFile section */
		2E183E5421E9FC61008F57D1 /* AuthenticationProtocols.swift in Sources */ = {isa = PBXBuildFile; fileRef = 2E183E5321E9FC61008F57D1 /* AuthenticationProtocols.swift */; };
		2E2ABE2921933FDA0001ADB6 /* Syncable.swift in Sources */ = {isa = PBXBuildFile; fileRef = 2E2ABE2821933FDA0001ADB6 /* Syncable.swift */; };
		2E2ABE322193460A0001ADB6 /* Logger.swift in Sources */ = {isa = PBXBuildFile; fileRef = 2E2ABE312193460A0001ADB6 /* Logger.swift */; };
		2E2ABE34219346CA0001ADB6 /* ReadOnlyBehaviourRelay.swift in Sources */ = {isa = PBXBuildFile; fileRef = 2E2ABE33219346CA0001ADB6 /* ReadOnlyBehaviourRelay.swift */; };
		2E2ABE3821934DBB0001ADB6 /* Syncer.swift in Sources */ = {isa = PBXBuildFile; fileRef = 2E2ABE3721934DBB0001ADB6 /* Syncer.swift */; };
		2E2ABE3B2194AD150001ADB6 /* AppDelegate.swift in Sources */ = {isa = PBXBuildFile; fileRef = 2E2ABE392194AD150001ADB6 /* AppDelegate.swift */; };
		2E76645421B04C4700B9DF3C /* AppDelegate+DI.swift in Sources */ = {isa = PBXBuildFile; fileRef = 2E76645321B04C4700B9DF3C /* AppDelegate+DI.swift */; };
		2E76645D21B053F200B9DF3C /* RealmConfiguration+Utility.swift in Sources */ = {isa = PBXBuildFile; fileRef = 2E76645C21B053F200B9DF3C /* RealmConfiguration+Utility.swift */; };
		2E7B63B221E1630000D6D981 /* AuthenticationClient.swift in Sources */ = {isa = PBXBuildFile; fileRef = 2E7B63B121E1630000D6D981 /* AuthenticationClient.swift */; };
		2E7B63B421E1631000D6D981 /* AuthenticationManager.swift in Sources */ = {isa = PBXBuildFile; fileRef = 2E7B63B321E1631000D6D981 /* AuthenticationManager.swift */; };
		2E7B63B621E1633F00D6D981 /* AuthenticationViewController.swift in Sources */ = {isa = PBXBuildFile; fileRef = 2E7B63B521E1633F00D6D981 /* AuthenticationViewController.swift */; };
		2E7B63B821E1764900D6D981 /* JWT.swift in Sources */ = {isa = PBXBuildFile; fileRef = 2E7B63B721E1764900D6D981 /* JWT.swift */; };
		2E7B63BA21E1CE0300D6D981 /* Authentication.storyboard in Resources */ = {isa = PBXBuildFile; fileRef = 2E7B63B921E1CE0300D6D981 /* Authentication.storyboard */; };
		2EACC9A12188BF3000FD29E9 /* .sourcery.yml in Resources */ = {isa = PBXBuildFile; fileRef = 2EACC9A02188BF3000FD29E9 /* .sourcery.yml */; };
		2EB4E10521D666E70093C6E9 /* NetworkManager.swift in Sources */ = {isa = PBXBuildFile; fileRef = 2EB4E10421D666E70093C6E9 /* NetworkManager.swift */; };
		2EB4E10D21D6B0F70093C6E9 /* ObjectsTableViewController.swift in Sources */ = {isa = PBXBuildFile; fileRef = 2EB4E10C21D6B0F70093C6E9 /* ObjectsTableViewController.swift */; };
		2EB4E10F21D7C5940093C6E9 /* ObjectCell.swift in Sources */ = {isa = PBXBuildFile; fileRef = 2EB4E10E21D7C5940093C6E9 /* ObjectCell.swift */; };
		2EB4E11B21D829810093C6E9 /* SchemeCell.swift in Sources */ = {isa = PBXBuildFile; fileRef = 2EB4E11A21D829810093C6E9 /* SchemeCell.swift */; };
		2EB4E11D21D836B60093C6E9 /* SchemesTableViewController.swift in Sources */ = {isa = PBXBuildFile; fileRef = 2EB4E11C21D836B60093C6E9 /* SchemesTableViewController.swift */; };
		2EB4E11F21D919070093C6E9 /* ObjectCell.xib in Resources */ = {isa = PBXBuildFile; fileRef = 2EB4E11E21D919070093C6E9 /* ObjectCell.xib */; };
		2EB4E12121D9191B0093C6E9 /* SchemeCell.xib in Resources */ = {isa = PBXBuildFile; fileRef = 2EB4E12021D9191B0093C6E9 /* SchemeCell.xib */; };
		2EBB99FF21E47F2B0083EDCC /* MessageView+Utility.swift in Sources */ = {isa = PBXBuildFile; fileRef = 2EBB99FE21E47F2B0083EDCC /* MessageView+Utility.swift */; };
		2EBB9A0121E4AE670083EDCC /* FieldsTableViewController.swift in Sources */ = {isa = PBXBuildFile; fileRef = 2EBB9A0021E4AE670083EDCC /* FieldsTableViewController.swift */; };
		2EBB9A0321E4B6810083EDCC /* FieldCell.xib in Resources */ = {isa = PBXBuildFile; fileRef = 2EBB9A0221E4B6810083EDCC /* FieldCell.xib */; };
		2EBB9A0521E4E8ED0083EDCC /* AppDelegate+Init.swift in Sources */ = {isa = PBXBuildFile; fileRef = 2EBB9A0421E4E8ED0083EDCC /* AppDelegate+Init.swift */; };
		2EBB9A0721E4EF000083EDCC /* Types+Defaults.swift in Sources */ = {isa = PBXBuildFile; fileRef = 2EBB9A0621E4EF000083EDCC /* Types+Defaults.swift */; };
		2EBB9A0921E4EF650083EDCC /* Types+Random.swift in Sources */ = {isa = PBXBuildFile; fileRef = 2EBB9A0821E4EF650083EDCC /* Types+Random.swift */; };
		2EE6216C21E4F34A00297BAF /* LoremGenerator.swift in Sources */ = {isa = PBXBuildFile; fileRef = 2EE6216B21E4F34A00297BAF /* LoremGenerator.swift */; };
		2EE6217021E4FED200297BAF /* FieldCell.swift in Sources */ = {isa = PBXBuildFile; fileRef = 2EE6216F21E4FED200297BAF /* FieldCell.swift */; };
		2EE6217221E4FF8100297BAF /* UIStoryboard+Instantiate.swift in Sources */ = {isa = PBXBuildFile; fileRef = 2EE6217121E4FF8100297BAF /* UIStoryboard+Instantiate.swift */; };
		2EE6217721E5063F00297BAF /* ActionPanel.storyboard in Resources */ = {isa = PBXBuildFile; fileRef = 2EE6217621E5063F00297BAF /* ActionPanel.storyboard */; };
		2EE6217921E5159A00297BAF /* ActionPanelViewController.swift in Sources */ = {isa = PBXBuildFile; fileRef = 2EE6217821E5159A00297BAF /* ActionPanelViewController.swift */; };
		2EE6217E21E6F80C00297BAF /* Models in Resources */ = {isa = PBXBuildFile; fileRef = 2EE6217C21E6F80C00297BAF /* Models */; };
		2EE6217F21E6F80C00297BAF /* Templates in Resources */ = {isa = PBXBuildFile; fileRef = 2EE6217D21E6F80C00297BAF /* Templates */; };
		2EE6218621E6FB0500297BAF /* Models+Presentable.swift in Sources */ = {isa = PBXBuildFile; fileRef = 2EE6218021E6FB0500297BAF /* Models+Presentable.swift */; };
		2EE6218721E6FB0500297BAF /* Models+Randomizable.swift in Sources */ = {isa = PBXBuildFile; fileRef = 2EE6218121E6FB0500297BAF /* Models+Randomizable.swift */; };
		2EE6218A21E6FB0500297BAF /* ObjectModels.swift in Sources */ = {isa = PBXBuildFile; fileRef = 2EE6218421E6FB0500297BAF /* ObjectModels.swift */; };
		2EE6218B21E6FB0500297BAF /* ServiceRegistration.swift in Sources */ = {isa = PBXBuildFile; fileRef = 2EE6218521E6FB0500297BAF /* ServiceRegistration.swift */; };
		2EEF402821EB8C040063AEDA /* ReadOnlyVariable.swift in Sources */ = {isa = PBXBuildFile; fileRef = 2EEF402721EB8C040063AEDA /* ReadOnlyVariable.swift */; };
		2EEF402B21EB999F0063AEDA /* ObjectDTOs.swift in Sources */ = {isa = PBXBuildFile; fileRef = 2EEF402921EB999F0063AEDA /* ObjectDTOs.swift */; };
		2EEF402C21EB999F0063AEDA /* NetworkClients.swift in Sources */ = {isa = PBXBuildFile; fileRef = 2EEF402A21EB999F0063AEDA /* NetworkClients.swift */; };
		2EEF402E21EB9AFD0063AEDA /* SyncableDTOs.swift in Sources */ = {isa = PBXBuildFile; fileRef = 2EEF402D21EB9AFD0063AEDA /* SyncableDTOs.swift */; };
		2EF1BCAC21E8F90000DD7B43 /* SublimateUICompatible.swift in Sources */ = {isa = PBXBuildFile; fileRef = 2EF1BCAB21E8F90000DD7B43 /* SublimateUICompatible.swift */; };
		6A81FEFFED1889416E1365A0 /* Pods_SublimateClient.framework in Frameworks */ = {isa = PBXBuildFile; fileRef = 6D9E85FCCD2D6015B947A976 /* Pods_SublimateClient.framework */; };
		814C9756BBEA3A4CCC605FC3 /* Pods_SublimateClientUITests.framework in Frameworks */ = {isa = PBXBuildFile; fileRef = 56CFBA0EC9251F52B08E2ED7 /* Pods_SublimateClientUITests.framework */; };
		E02AACF12159806500F5E966 /* Main.storyboard in Resources */ = {isa = PBXBuildFile; fileRef = E02AACEF2159806500F5E966 /* Main.storyboard */; };
		E02AACF32159806F00F5E966 /* Assets.xcassets in Resources */ = {isa = PBXBuildFile; fileRef = E02AACF22159806F00F5E966 /* Assets.xcassets */; };
		E02AACF62159806F00F5E966 /* LaunchScreen.storyboard in Resources */ = {isa = PBXBuildFile; fileRef = E02AACF42159806F00F5E966 /* LaunchScreen.storyboard */; };
		E02AAD012159806F00F5E966 /* SublimateClientTests.swift in Sources */ = {isa = PBXBuildFile; fileRef = E02AAD002159806F00F5E966 /* SublimateClientTests.swift */; };
		E02AAD0C2159806F00F5E966 /* SublimateClientUITests.swift in Sources */ = {isa = PBXBuildFile; fileRef = E02AAD0B2159806F00F5E966 /* SublimateClientUITests.swift */; };
		EDE95391609A0B739DF5EFA5 /* Pods_SublimateClientTests.framework in Frameworks */ = {isa = PBXBuildFile; fileRef = 983CF281D9049562D64BC7DC /* Pods_SublimateClientTests.framework */; };
/* End PBXBuildFile section */

/* Begin PBXContainerItemProxy section */
		E02AACFD2159806F00F5E966 /* PBXContainerItemProxy */ = {
			isa = PBXContainerItemProxy;
			containerPortal = E02AACE02159806500F5E966 /* Project object */;
			proxyType = 1;
			remoteGlobalIDString = E02AACE72159806500F5E966;
			remoteInfo = SublimateClient;
		};
		E02AAD082159806F00F5E966 /* PBXContainerItemProxy */ = {
			isa = PBXContainerItemProxy;
			containerPortal = E02AACE02159806500F5E966 /* Project object */;
			proxyType = 1;
			remoteGlobalIDString = E02AACE72159806500F5E966;
			remoteInfo = SublimateClient;
		};
/* End PBXContainerItemProxy section */

/* Begin PBXFileReference section */
		0E87E7F9C2745200BC1CDE48 /* Pods-SublimateClientUITests.release.xcconfig */ = {isa = PBXFileReference; includeInIndex = 1; lastKnownFileType = text.xcconfig; name = "Pods-SublimateClientUITests.release.xcconfig"; path = "Pods/Target Support Files/Pods-SublimateClientUITests/Pods-SublimateClientUITests.release.xcconfig"; sourceTree = "<group>"; };
		2E183E5321E9FC61008F57D1 /* AuthenticationProtocols.swift */ = {isa = PBXFileReference; lastKnownFileType = sourcecode.swift; path = AuthenticationProtocols.swift; sourceTree = "<group>"; };
		2E2ABE2821933FDA0001ADB6 /* Syncable.swift */ = {isa = PBXFileReference; lastKnownFileType = sourcecode.swift; path = Syncable.swift; sourceTree = "<group>"; };
		2E2ABE312193460A0001ADB6 /* Logger.swift */ = {isa = PBXFileReference; lastKnownFileType = sourcecode.swift; path = Logger.swift; sourceTree = "<group>"; };
		2E2ABE33219346CA0001ADB6 /* ReadOnlyBehaviourRelay.swift */ = {isa = PBXFileReference; lastKnownFileType = sourcecode.swift; path = ReadOnlyBehaviourRelay.swift; sourceTree = "<group>"; };
		2E2ABE3721934DBB0001ADB6 /* Syncer.swift */ = {isa = PBXFileReference; lastKnownFileType = sourcecode.swift; path = Syncer.swift; sourceTree = "<group>"; };
		2E2ABE392194AD150001ADB6 /* AppDelegate.swift */ = {isa = PBXFileReference; fileEncoding = 4; lastKnownFileType = sourcecode.swift; path = AppDelegate.swift; sourceTree = "<group>"; };
		2E2ABE3D2194ADFA0001ADB6 /* Info.plist */ = {isa = PBXFileReference; fileEncoding = 4; lastKnownFileType = text.plist.xml; path = Info.plist; sourceTree = "<group>"; };
		2E76645321B04C4700B9DF3C /* AppDelegate+DI.swift */ = {isa = PBXFileReference; lastKnownFileType = sourcecode.swift; path = "AppDelegate+DI.swift"; sourceTree = "<group>"; };
		2E76645C21B053F200B9DF3C /* RealmConfiguration+Utility.swift */ = {isa = PBXFileReference; lastKnownFileType = sourcecode.swift; path = "RealmConfiguration+Utility.swift"; sourceTree = "<group>"; };
		2E7B63B121E1630000D6D981 /* AuthenticationClient.swift */ = {isa = PBXFileReference; lastKnownFileType = sourcecode.swift; path = AuthenticationClient.swift; sourceTree = "<group>"; };
		2E7B63B321E1631000D6D981 /* AuthenticationManager.swift */ = {isa = PBXFileReference; lastKnownFileType = sourcecode.swift; path = AuthenticationManager.swift; sourceTree = "<group>"; };
		2E7B63B521E1633F00D6D981 /* AuthenticationViewController.swift */ = {isa = PBXFileReference; lastKnownFileType = sourcecode.swift; path = AuthenticationViewController.swift; sourceTree = "<group>"; };
		2E7B63B721E1764900D6D981 /* JWT.swift */ = {isa = PBXFileReference; lastKnownFileType = sourcecode.swift; path = JWT.swift; sourceTree = "<group>"; };
		2E7B63B921E1CE0300D6D981 /* Authentication.storyboard */ = {isa = PBXFileReference; lastKnownFileType = file.storyboard; path = Authentication.storyboard; sourceTree = "<group>"; };
		2E7B63BD21E4028600D6D981 /* SystemConfiguration.framework */ = {isa = PBXFileReference; lastKnownFileType = wrapper.framework; name = SystemConfiguration.framework; path = System/Library/Frameworks/SystemConfiguration.framework; sourceTree = SDKROOT; };
		2E7B63BF21E4050200D6D981 /* Reachability.framework */ = {isa = PBXFileReference; explicitFileType = wrapper.framework; path = Reachability.framework; sourceTree = BUILT_PRODUCTS_DIR; };
		2E7B63C121E4051800D6D981 /* Reachability.framework */ = {isa = PBXFileReference; explicitFileType = wrapper.framework; path = Reachability.framework; sourceTree = BUILT_PRODUCTS_DIR; };
		2EACC9A02188BF3000FD29E9 /* .sourcery.yml */ = {isa = PBXFileReference; fileEncoding = 4; lastKnownFileType = text; name = .sourcery.yml; path = ../.sourcery.yml; sourceTree = "<group>"; };
		2EB4E10421D666E70093C6E9 /* NetworkManager.swift */ = {isa = PBXFileReference; lastKnownFileType = sourcecode.swift; path = NetworkManager.swift; sourceTree = "<group>"; };
		2EB4E10C21D6B0F70093C6E9 /* ObjectsTableViewController.swift */ = {isa = PBXFileReference; lastKnownFileType = sourcecode.swift; path = ObjectsTableViewController.swift; sourceTree = "<group>"; };
		2EB4E10E21D7C5940093C6E9 /* ObjectCell.swift */ = {isa = PBXFileReference; lastKnownFileType = sourcecode.swift; path = ObjectCell.swift; sourceTree = "<group>"; };
		2EB4E11A21D829810093C6E9 /* SchemeCell.swift */ = {isa = PBXFileReference; lastKnownFileType = sourcecode.swift; path = SchemeCell.swift; sourceTree = "<group>"; };
		2EB4E11C21D836B60093C6E9 /* SchemesTableViewController.swift */ = {isa = PBXFileReference; lastKnownFileType = sourcecode.swift; path = SchemesTableViewController.swift; sourceTree = "<group>"; };
		2EB4E11E21D919070093C6E9 /* ObjectCell.xib */ = {isa = PBXFileReference; lastKnownFileType = file.xib; path = ObjectCell.xib; sourceTree = "<group>"; };
		2EB4E12021D9191B0093C6E9 /* SchemeCell.xib */ = {isa = PBXFileReference; lastKnownFileType = file.xib; path = SchemeCell.xib; sourceTree = "<group>"; };
		2EBB99FE21E47F2B0083EDCC /* MessageView+Utility.swift */ = {isa = PBXFileReference; lastKnownFileType = sourcecode.swift; path = "MessageView+Utility.swift"; sourceTree = "<group>"; };
		2EBB9A0021E4AE670083EDCC /* FieldsTableViewController.swift */ = {isa = PBXFileReference; lastKnownFileType = sourcecode.swift; path = FieldsTableViewController.swift; sourceTree = "<group>"; };
		2EBB9A0221E4B6810083EDCC /* FieldCell.xib */ = {isa = PBXFileReference; fileEncoding = 4; lastKnownFileType = file.xib; path = FieldCell.xib; sourceTree = "<group>"; };
		2EBB9A0421E4E8ED0083EDCC /* AppDelegate+Init.swift */ = {isa = PBXFileReference; lastKnownFileType = sourcecode.swift; path = "AppDelegate+Init.swift"; sourceTree = "<group>"; };
		2EBB9A0621E4EF000083EDCC /* Types+Defaults.swift */ = {isa = PBXFileReference; lastKnownFileType = sourcecode.swift; path = "Types+Defaults.swift"; sourceTree = "<group>"; };
		2EBB9A0821E4EF650083EDCC /* Types+Random.swift */ = {isa = PBXFileReference; lastKnownFileType = sourcecode.swift; path = "Types+Random.swift"; sourceTree = "<group>"; };
		2EE6216B21E4F34A00297BAF /* LoremGenerator.swift */ = {isa = PBXFileReference; lastKnownFileType = sourcecode.swift; path = LoremGenerator.swift; sourceTree = "<group>"; };
		2EE6216F21E4FED200297BAF /* FieldCell.swift */ = {isa = PBXFileReference; lastKnownFileType = sourcecode.swift; path = FieldCell.swift; sourceTree = "<group>"; };
		2EE6217121E4FF8100297BAF /* UIStoryboard+Instantiate.swift */ = {isa = PBXFileReference; lastKnownFileType = sourcecode.swift; path = "UIStoryboard+Instantiate.swift"; sourceTree = "<group>"; };
		2EE6217621E5063F00297BAF /* ActionPanel.storyboard */ = {isa = PBXFileReference; lastKnownFileType = file.storyboard; path = ActionPanel.storyboard; sourceTree = "<group>"; };
		2EE6217821E5159A00297BAF /* ActionPanelViewController.swift */ = {isa = PBXFileReference; lastKnownFileType = sourcecode.swift; path = ActionPanelViewController.swift; sourceTree = "<group>"; };
		2EE6217C21E6F80C00297BAF /* Models */ = {isa = PBXFileReference; lastKnownFileType = folder; name = Models; path = ../../../../Sourcery/Models; sourceTree = "<group>"; };
		2EE6217D21E6F80C00297BAF /* Templates */ = {isa = PBXFileReference; lastKnownFileType = folder; name = Templates; path = ../../../../Sourcery/Templates; sourceTree = "<group>"; };
		2EE6218021E6FB0500297BAF /* Models+Presentable.swift */ = {isa = PBXFileReference; fileEncoding = 4; lastKnownFileType = sourcecode.swift; path = "Models+Presentable.swift"; sourceTree = "<group>"; };
		2EE6218121E6FB0500297BAF /* Models+Randomizable.swift */ = {isa = PBXFileReference; fileEncoding = 4; lastKnownFileType = sourcecode.swift; path = "Models+Randomizable.swift"; sourceTree = "<group>"; };
		2EE6218421E6FB0500297BAF /* ObjectModels.swift */ = {isa = PBXFileReference; fileEncoding = 4; lastKnownFileType = sourcecode.swift; path = ObjectModels.swift; sourceTree = "<group>"; };
		2EE6218521E6FB0500297BAF /* ServiceRegistration.swift */ = {isa = PBXFileReference; fileEncoding = 4; lastKnownFileType = sourcecode.swift; path = ServiceRegistration.swift; sourceTree = "<group>"; };
		2EEF402721EB8C040063AEDA /* ReadOnlyVariable.swift */ = {isa = PBXFileReference; lastKnownFileType = sourcecode.swift; path = ReadOnlyVariable.swift; sourceTree = "<group>"; };
		2EEF402921EB999F0063AEDA /* ObjectDTOs.swift */ = {isa = PBXFileReference; fileEncoding = 4; lastKnownFileType = sourcecode.swift; path = ObjectDTOs.swift; sourceTree = "<group>"; };
		2EEF402A21EB999F0063AEDA /* NetworkClients.swift */ = {isa = PBXFileReference; fileEncoding = 4; lastKnownFileType = sourcecode.swift; path = NetworkClients.swift; sourceTree = "<group>"; };
		2EEF402D21EB9AFD0063AEDA /* SyncableDTOs.swift */ = {isa = PBXFileReference; fileEncoding = 4; lastKnownFileType = sourcecode.swift; path = SyncableDTOs.swift; sourceTree = "<group>"; };
		2EF1BCAB21E8F90000DD7B43 /* SublimateUICompatible.swift */ = {isa = PBXFileReference; lastKnownFileType = sourcecode.swift; path = SublimateUICompatible.swift; sourceTree = "<group>"; };
		4CF68A5DC7F6B153F8A736AB /* Pods-SublimateClientTests.release.xcconfig */ = {isa = PBXFileReference; includeInIndex = 1; lastKnownFileType = text.xcconfig; name = "Pods-SublimateClientTests.release.xcconfig"; path = "Pods/Target Support Files/Pods-SublimateClientTests/Pods-SublimateClientTests.release.xcconfig"; sourceTree = "<group>"; };
		56CFBA0EC9251F52B08E2ED7 /* Pods_SublimateClientUITests.framework */ = {isa = PBXFileReference; explicitFileType = wrapper.framework; includeInIndex = 0; path = Pods_SublimateClientUITests.framework; sourceTree = BUILT_PRODUCTS_DIR; };
		61508C3A94014201378D8CAA /* Pods-SublimateClientTests.debug.xcconfig */ = {isa = PBXFileReference; includeInIndex = 1; lastKnownFileType = text.xcconfig; name = "Pods-SublimateClientTests.debug.xcconfig"; path = "Pods/Target Support Files/Pods-SublimateClientTests/Pods-SublimateClientTests.debug.xcconfig"; sourceTree = "<group>"; };
		6D9E85FCCD2D6015B947A976 /* Pods_SublimateClient.framework */ = {isa = PBXFileReference; explicitFileType = wrapper.framework; includeInIndex = 0; path = Pods_SublimateClient.framework; sourceTree = BUILT_PRODUCTS_DIR; };
		983CF281D9049562D64BC7DC /* Pods_SublimateClientTests.framework */ = {isa = PBXFileReference; explicitFileType = wrapper.framework; includeInIndex = 0; path = Pods_SublimateClientTests.framework; sourceTree = BUILT_PRODUCTS_DIR; };
		9DEBEC74B49C3A73F8B5FF42 /* Pods-SublimateClient.debug.xcconfig */ = {isa = PBXFileReference; includeInIndex = 1; lastKnownFileType = text.xcconfig; name = "Pods-SublimateClient.debug.xcconfig"; path = "Pods/Target Support Files/Pods-SublimateClient/Pods-SublimateClient.debug.xcconfig"; sourceTree = "<group>"; };
		B35E76D9CFDFD6EA919EE81E /* Pods-SublimateClientUITests.debug.xcconfig */ = {isa = PBXFileReference; includeInIndex = 1; lastKnownFileType = text.xcconfig; name = "Pods-SublimateClientUITests.debug.xcconfig"; path = "Pods/Target Support Files/Pods-SublimateClientUITests/Pods-SublimateClientUITests.debug.xcconfig"; sourceTree = "<group>"; };
		E02AACE82159806500F5E966 /* SublimateClient.app */ = {isa = PBXFileReference; explicitFileType = wrapper.application; includeInIndex = 0; path = SublimateClient.app; sourceTree = BUILT_PRODUCTS_DIR; };
		E02AACF02159806500F5E966 /* Base */ = {isa = PBXFileReference; lastKnownFileType = file.storyboard; name = Base; path = Base.lproj/Main.storyboard; sourceTree = "<group>"; };
		E02AACF22159806F00F5E966 /* Assets.xcassets */ = {isa = PBXFileReference; lastKnownFileType = folder.assetcatalog; path = Assets.xcassets; sourceTree = "<group>"; };
		E02AACF52159806F00F5E966 /* Base */ = {isa = PBXFileReference; lastKnownFileType = file.storyboard; name = Base; path = Base.lproj/LaunchScreen.storyboard; sourceTree = "<group>"; };
		E02AACFC2159806F00F5E966 /* SublimateClientTests.xctest */ = {isa = PBXFileReference; explicitFileType = wrapper.cfbundle; includeInIndex = 0; path = SublimateClientTests.xctest; sourceTree = BUILT_PRODUCTS_DIR; };
		E02AAD002159806F00F5E966 /* SublimateClientTests.swift */ = {isa = PBXFileReference; lastKnownFileType = sourcecode.swift; path = SublimateClientTests.swift; sourceTree = "<group>"; };
		E02AAD022159806F00F5E966 /* Info.plist */ = {isa = PBXFileReference; lastKnownFileType = text.plist.xml; path = Info.plist; sourceTree = "<group>"; };
		E02AAD072159806F00F5E966 /* SublimateClientUITests.xctest */ = {isa = PBXFileReference; explicitFileType = wrapper.cfbundle; includeInIndex = 0; path = SublimateClientUITests.xctest; sourceTree = BUILT_PRODUCTS_DIR; };
		E02AAD0B2159806F00F5E966 /* SublimateClientUITests.swift */ = {isa = PBXFileReference; lastKnownFileType = sourcecode.swift; path = SublimateClientUITests.swift; sourceTree = "<group>"; };
		E02AAD0D2159806F00F5E966 /* Info.plist */ = {isa = PBXFileReference; lastKnownFileType = text.plist.xml; path = Info.plist; sourceTree = "<group>"; };
		EE8742DC38DA56E981062D45 /* Pods-SublimateClient.release.xcconfig */ = {isa = PBXFileReference; includeInIndex = 1; lastKnownFileType = text.xcconfig; name = "Pods-SublimateClient.release.xcconfig"; path = "Pods/Target Support Files/Pods-SublimateClient/Pods-SublimateClient.release.xcconfig"; sourceTree = "<group>"; };
/* End PBXFileReference section */

/* Begin PBXFrameworksBuildPhase section */
		E02AACE52159806500F5E966 /* Frameworks */ = {
			isa = PBXFrameworksBuildPhase;
			buildActionMask = 2147483647;
			files = (
				6A81FEFFED1889416E1365A0 /* Pods_SublimateClient.framework in Frameworks */,
			);
			runOnlyForDeploymentPostprocessing = 0;
		};
		E02AACF92159806F00F5E966 /* Frameworks */ = {
			isa = PBXFrameworksBuildPhase;
			buildActionMask = 2147483647;
			files = (
				EDE95391609A0B739DF5EFA5 /* Pods_SublimateClientTests.framework in Frameworks */,
			);
			runOnlyForDeploymentPostprocessing = 0;
		};
		E02AAD042159806F00F5E966 /* Frameworks */ = {
			isa = PBXFrameworksBuildPhase;
			buildActionMask = 2147483647;
			files = (
				814C9756BBEA3A4CCC605FC3 /* Pods_SublimateClientUITests.framework in Frameworks */,
			);
			runOnlyForDeploymentPostprocessing = 0;
		};
/* End PBXFrameworksBuildPhase section */

/* Begin PBXGroup section */
		2E183E5521EA2B2C008F57D1 /* Syncing */ = {
			isa = PBXGroup;
			children = (
				2E2ABE2821933FDA0001ADB6 /* Syncable.swift */,
				2E2ABE3721934DBB0001ADB6 /* Syncer.swift */,
			);
			path = Syncing;
			sourceTree = "<group>";
		};
		2E2ABE2C2193414C0001ADB6 /* Sync Candidates */ = {
			isa = PBXGroup;
			children = (
				2EB4E10421D666E70093C6E9 /* NetworkManager.swift */,
				2E7B63B321E1631000D6D981 /* AuthenticationManager.swift */,
				2E183E5321E9FC61008F57D1 /* AuthenticationProtocols.swift */,
				2E7B63B721E1764900D6D981 /* JWT.swift */,
				2E2ABE312193460A0001ADB6 /* Logger.swift */,
				2EEF402F21EBB4890063AEDA /* Rx Support */,
				2E183E5521EA2B2C008F57D1 /* Syncing */,
				2EE6216D21E4F3E700297BAF /* Type Extensions */,
			);
			path = "Sync Candidates";
			sourceTree = "<group>";
		};
		2E2ABE2D2193415D0001ADB6 /* UI Candidates */ = {
			isa = PBXGroup;
			children = (
				2EE6217121E4FF8100297BAF /* UIStoryboard+Instantiate.swift */,
				2EF1BCAB21E8F90000DD7B43 /* SublimateUICompatible.swift */,
				2EE6217321E500DD00297BAF /* Schemes Overview */,
				2EE6217421E500EB00297BAF /* Object List */,
				2EE6217521E500F000297BAF /* Detail Screen */,
			);
			path = "UI Candidates";
			sourceTree = "<group>";
		};
		2E2ABE2E219341740001ADB6 /* Sources */ = {
			isa = PBXGroup;
			children = (
				2E2ABE392194AD150001ADB6 /* AppDelegate.swift */,
				2E76645521B04D7800B9DF3C /* Generated */,
				2E76644A21B0494300B9DF3C /* Sourcery */,
				2E7B63B021E162E800D6D981 /* Authentication */,
				2EBB9A0421E4E8ED0083EDCC /* AppDelegate+Init.swift */,
				2E76645321B04C4700B9DF3C /* AppDelegate+DI.swift */,
				2E76645C21B053F200B9DF3C /* RealmConfiguration+Utility.swift */,
				2EBB99FE21E47F2B0083EDCC /* MessageView+Utility.swift */,
			);
			path = Sources;
			sourceTree = "<group>";
		};
		2E2ABE30219341F00001ADB6 /* Resources */ = {
			isa = PBXGroup;
			children = (
				E02AACEF2159806500F5E966 /* Main.storyboard */,
				E02AACF42159806F00F5E966 /* LaunchScreen.storyboard */,
				E02AACF22159806F00F5E966 /* Assets.xcassets */,
			);
			path = Resources;
			sourceTree = "<group>";
		};
		2E76644A21B0494300B9DF3C /* Sourcery */ = {
			isa = PBXGroup;
			children = (
				2EE6217C21E6F80C00297BAF /* Models */,
				2EE6217D21E6F80C00297BAF /* Templates */,
			);
			path = Sourcery;
			sourceTree = "<group>";
		};
		2E76645521B04D7800B9DF3C /* Generated */ = {
			isa = PBXGroup;
			children = (
				2EE6218021E6FB0500297BAF /* Models+Presentable.swift */,
				2EE6218121E6FB0500297BAF /* Models+Randomizable.swift */,
				2EEF402D21EB9AFD0063AEDA /* SyncableDTOs.swift */,
				2EEF402921EB999F0063AEDA /* ObjectDTOs.swift */,
				2EEF402A21EB999F0063AEDA /* NetworkClients.swift */,
				2EE6218421E6FB0500297BAF /* ObjectModels.swift */,
				2EE6218521E6FB0500297BAF /* ServiceRegistration.swift */,
			);
			path = Generated;
			sourceTree = "<group>";
		};
		2E7B63B021E162E800D6D981 /* Authentication */ = {
			isa = PBXGroup;
			children = (
				2E7B63B121E1630000D6D981 /* AuthenticationClient.swift */,
				2E7B63B521E1633F00D6D981 /* AuthenticationViewController.swift */,
				2E7B63B921E1CE0300D6D981 /* Authentication.storyboard */,
			);
			path = Authentication;
			sourceTree = "<group>";
		};
		2EE6216D21E4F3E700297BAF /* Type Extensions */ = {
			isa = PBXGroup;
			children = (
				2EBB9A0621E4EF000083EDCC /* Types+Defaults.swift */,
				2EBB9A0821E4EF650083EDCC /* Types+Random.swift */,
				2EE6216B21E4F34A00297BAF /* LoremGenerator.swift */,
			);
			path = "Type Extensions";
			sourceTree = "<group>";
		};
		2EE6217321E500DD00297BAF /* Schemes Overview */ = {
			isa = PBXGroup;
			children = (
				2EB4E11C21D836B60093C6E9 /* SchemesTableViewController.swift */,
				2EB4E11A21D829810093C6E9 /* SchemeCell.swift */,
				2EB4E12021D9191B0093C6E9 /* SchemeCell.xib */,
			);
			path = "Schemes Overview";
			sourceTree = "<group>";
		};
		2EE6217421E500EB00297BAF /* Object List */ = {
			isa = PBXGroup;
			children = (
				2EB4E10C21D6B0F70093C6E9 /* ObjectsTableViewController.swift */,
				2EB4E10E21D7C5940093C6E9 /* ObjectCell.swift */,
				2EB4E11E21D919070093C6E9 /* ObjectCell.xib */,
			);
			path = "Object List";
			sourceTree = "<group>";
		};
		2EE6217521E500F000297BAF /* Detail Screen */ = {
			isa = PBXGroup;
			children = (
				2EE6217821E5159A00297BAF /* ActionPanelViewController.swift */,
				2EE6217621E5063F00297BAF /* ActionPanel.storyboard */,
				2EBB9A0021E4AE670083EDCC /* FieldsTableViewController.swift */,
				2EE6216F21E4FED200297BAF /* FieldCell.swift */,
				2EBB9A0221E4B6810083EDCC /* FieldCell.xib */,
			);
			path = "Detail Screen";
			sourceTree = "<group>";
		};
		2EEF402F21EBB4890063AEDA /* Rx Support */ = {
			isa = PBXGroup;
			children = (
				2E2ABE33219346CA0001ADB6 /* ReadOnlyBehaviourRelay.swift */,
				2EEF402721EB8C040063AEDA /* ReadOnlyVariable.swift */,
			);
			path = "Rx Support";
			sourceTree = "<group>";
		};
		6615AD352B539ACEA6EE4EA7 /* Pods */ = {
			isa = PBXGroup;
			children = (
				9DEBEC74B49C3A73F8B5FF42 /* Pods-SublimateClient.debug.xcconfig */,
				EE8742DC38DA56E981062D45 /* Pods-SublimateClient.release.xcconfig */,
				61508C3A94014201378D8CAA /* Pods-SublimateClientTests.debug.xcconfig */,
				4CF68A5DC7F6B153F8A736AB /* Pods-SublimateClientTests.release.xcconfig */,
				B35E76D9CFDFD6EA919EE81E /* Pods-SublimateClientUITests.debug.xcconfig */,
				0E87E7F9C2745200BC1CDE48 /* Pods-SublimateClientUITests.release.xcconfig */,
			);
			name = Pods;
			sourceTree = "<group>";
		};
		9D1369FD98AA162108A5FE3D /* Frameworks */ = {
			isa = PBXGroup;
			children = (
				2E7B63C121E4051800D6D981 /* Reachability.framework */,
				2E7B63BF21E4050200D6D981 /* Reachability.framework */,
				2E7B63BD21E4028600D6D981 /* SystemConfiguration.framework */,
				6D9E85FCCD2D6015B947A976 /* Pods_SublimateClient.framework */,
				983CF281D9049562D64BC7DC /* Pods_SublimateClientTests.framework */,
				56CFBA0EC9251F52B08E2ED7 /* Pods_SublimateClientUITests.framework */,
			);
			name = Frameworks;
			sourceTree = "<group>";
		};
		E02AACDF2159806500F5E966 = {
			isa = PBXGroup;
			children = (
				E02AACEA2159806500F5E966 /* SublimateClient */,
				E02AACFF2159806F00F5E966 /* SublimateClientTests */,
				E02AAD0A2159806F00F5E966 /* SublimateClientUITests */,
				E02AACE92159806500F5E966 /* Products */,
				2EACC9A02188BF3000FD29E9 /* .sourcery.yml */,
				6615AD352B539ACEA6EE4EA7 /* Pods */,
				9D1369FD98AA162108A5FE3D /* Frameworks */,
			);
			sourceTree = "<group>";
		};
		E02AACE92159806500F5E966 /* Products */ = {
			isa = PBXGroup;
			children = (
				E02AACE82159806500F5E966 /* SublimateClient.app */,
				E02AACFC2159806F00F5E966 /* SublimateClientTests.xctest */,
				E02AAD072159806F00F5E966 /* SublimateClientUITests.xctest */,
			);
			name = Products;
			sourceTree = "<group>";
		};
		E02AACEA2159806500F5E966 /* SublimateClient */ = {
			isa = PBXGroup;
			children = (
				2E2ABE3D2194ADFA0001ADB6 /* Info.plist */,
				2E2ABE2E219341740001ADB6 /* Sources */,
				2E2ABE30219341F00001ADB6 /* Resources */,
				2E2ABE2D2193415D0001ADB6 /* UI Candidates */,
				2E2ABE2C2193414C0001ADB6 /* Sync Candidates */,
			);
			path = SublimateClient;
			sourceTree = "<group>";
		};
		E02AACFF2159806F00F5E966 /* SublimateClientTests */ = {
			isa = PBXGroup;
			children = (
				E02AAD002159806F00F5E966 /* SublimateClientTests.swift */,
				E02AAD022159806F00F5E966 /* Info.plist */,
			);
			path = SublimateClientTests;
			sourceTree = "<group>";
		};
		E02AAD0A2159806F00F5E966 /* SublimateClientUITests */ = {
			isa = PBXGroup;
			children = (
				E02AAD0B2159806F00F5E966 /* SublimateClientUITests.swift */,
				E02AAD0D2159806F00F5E966 /* Info.plist */,
			);
			path = SublimateClientUITests;
			sourceTree = "<group>";
		};
/* End PBXGroup section */

/* Begin PBXNativeTarget section */
		E02AACE72159806500F5E966 /* SublimateClient */ = {
			isa = PBXNativeTarget;
			buildConfigurationList = E02AAD102159806F00F5E966 /* Build configuration list for PBXNativeTarget "SublimateClient" */;
			buildPhases = (
				4351E0AFF19D61D9053B4605 /* [CP] Check Pods Manifest.lock */,
				E02AACE42159806500F5E966 /* Sources */,
				E02AACE52159806500F5E966 /* Frameworks */,
				E02AACE62159806500F5E966 /* Resources */,
				65D34FE1590267BB6E37B10C /* [CP] Embed Pods Frameworks */,
			);
			buildRules = (
			);
			dependencies = (
			);
			name = SublimateClient;
			productName = SublimateClient;
			productReference = E02AACE82159806500F5E966 /* SublimateClient.app */;
			productType = "com.apple.product-type.application";
		};
		E02AACFB2159806F00F5E966 /* SublimateClientTests */ = {
			isa = PBXNativeTarget;
			buildConfigurationList = E02AAD132159806F00F5E966 /* Build configuration list for PBXNativeTarget "SublimateClientTests" */;
			buildPhases = (
				3A2E8A549D1540811197A241 /* [CP] Check Pods Manifest.lock */,
				E02AACF82159806F00F5E966 /* Sources */,
				E02AACF92159806F00F5E966 /* Frameworks */,
				E02AACFA2159806F00F5E966 /* Resources */,
			);
			buildRules = (
			);
			dependencies = (
				E02AACFE2159806F00F5E966 /* PBXTargetDependency */,
			);
			name = SublimateClientTests;
			productName = SublimateClientTests;
			productReference = E02AACFC2159806F00F5E966 /* SublimateClientTests.xctest */;
			productType = "com.apple.product-type.bundle.unit-test";
		};
		E02AAD062159806F00F5E966 /* SublimateClientUITests */ = {
			isa = PBXNativeTarget;
			buildConfigurationList = E02AAD162159806F00F5E966 /* Build configuration list for PBXNativeTarget "SublimateClientUITests" */;
			buildPhases = (
				576DE74D3D5D0259A1E8369C /* [CP] Check Pods Manifest.lock */,
				E02AAD032159806F00F5E966 /* Sources */,
				E02AAD042159806F00F5E966 /* Frameworks */,
				E02AAD052159806F00F5E966 /* Resources */,
			);
			buildRules = (
			);
			dependencies = (
				E02AAD092159806F00F5E966 /* PBXTargetDependency */,
			);
			name = SublimateClientUITests;
			productName = SublimateClientUITests;
			productReference = E02AAD072159806F00F5E966 /* SublimateClientUITests.xctest */;
			productType = "com.apple.product-type.bundle.ui-testing";
		};
/* End PBXNativeTarget section */

/* Begin PBXProject section */
		E02AACE02159806500F5E966 /* Project object */ = {
			isa = PBXProject;
			attributes = {
				LastSwiftUpdateCheck = 0940;
				LastUpgradeCheck = 0940;
				ORGANIZATIONNAME = Gabriele;
				TargetAttributes = {
					E02AACE72159806500F5E966 = {
						CreatedOnToolsVersion = 9.4;
						LastSwiftMigration = 0940;
					};
					E02AACFB2159806F00F5E966 = {
						CreatedOnToolsVersion = 9.4;
						TestTargetID = E02AACE72159806500F5E966;
					};
					E02AAD062159806F00F5E966 = {
						CreatedOnToolsVersion = 9.4;
						TestTargetID = E02AACE72159806500F5E966;
					};
				};
			};
			buildConfigurationList = E02AACE32159806500F5E966 /* Build configuration list for PBXProject "SublimateClient" */;
			compatibilityVersion = "Xcode 9.3";
			developmentRegion = en;
			hasScannedForEncodings = 0;
			knownRegions = (
				en,
				Base,
			);
			mainGroup = E02AACDF2159806500F5E966;
			productRefGroup = E02AACE92159806500F5E966 /* Products */;
			projectDirPath = "";
			projectRoot = "";
			targets = (
				E02AACE72159806500F5E966 /* SublimateClient */,
				E02AACFB2159806F00F5E966 /* SublimateClientTests */,
				E02AAD062159806F00F5E966 /* SublimateClientUITests */,
			);
		};
/* End PBXProject section */

/* Begin PBXResourcesBuildPhase section */
		E02AACE62159806500F5E966 /* Resources */ = {
			isa = PBXResourcesBuildPhase;
			buildActionMask = 2147483647;
			files = (
				2EE6217F21E6F80C00297BAF /* Templates in Resources */,
				2EE6217E21E6F80C00297BAF /* Models in Resources */,
				2E7B63BA21E1CE0300D6D981 /* Authentication.storyboard in Resources */,
				2EBB9A0321E4B6810083EDCC /* FieldCell.xib in Resources */,
				E02AACF62159806F00F5E966 /* LaunchScreen.storyboard in Resources */,
				2EE6217721E5063F00297BAF /* ActionPanel.storyboard in Resources */,
				2EB4E11F21D919070093C6E9 /* ObjectCell.xib in Resources */,
				E02AACF32159806F00F5E966 /* Assets.xcassets in Resources */,
				E02AACF12159806500F5E966 /* Main.storyboard in Resources */,
				2EB4E12121D9191B0093C6E9 /* SchemeCell.xib in Resources */,
				2EACC9A12188BF3000FD29E9 /* .sourcery.yml in Resources */,
			);
			runOnlyForDeploymentPostprocessing = 0;
		};
		E02AACFA2159806F00F5E966 /* Resources */ = {
			isa = PBXResourcesBuildPhase;
			buildActionMask = 2147483647;
			files = (
			);
			runOnlyForDeploymentPostprocessing = 0;
		};
		E02AAD052159806F00F5E966 /* Resources */ = {
			isa = PBXResourcesBuildPhase;
			buildActionMask = 2147483647;
			files = (
			);
			runOnlyForDeploymentPostprocessing = 0;
		};
/* End PBXResourcesBuildPhase section */

/* Begin PBXShellScriptBuildPhase section */
		3A2E8A549D1540811197A241 /* [CP] Check Pods Manifest.lock */ = {
			isa = PBXShellScriptBuildPhase;
			buildActionMask = 2147483647;
			files = (
			);
			inputPaths = (
				"${PODS_PODFILE_DIR_PATH}/Podfile.lock",
				"${PODS_ROOT}/Manifest.lock",
			);
			name = "[CP] Check Pods Manifest.lock";
			outputPaths = (
				"$(DERIVED_FILE_DIR)/Pods-SublimateClientTests-checkManifestLockResult.txt",
			);
			runOnlyForDeploymentPostprocessing = 0;
			shellPath = /bin/sh;
			shellScript = "diff \"${PODS_PODFILE_DIR_PATH}/Podfile.lock\" \"${PODS_ROOT}/Manifest.lock\" > /dev/null\nif [ $? != 0 ] ; then\n    # print error to STDERR\n    echo \"error: The sandbox is not in sync with the Podfile.lock. Run 'pod install' or update your CocoaPods installation.\" >&2\n    exit 1\nfi\n# This output is used by Xcode 'outputs' to avoid re-running this script phase.\necho \"SUCCESS\" > \"${SCRIPT_OUTPUT_FILE_0}\"\n";
			showEnvVarsInLog = 0;
		};
		4351E0AFF19D61D9053B4605 /* [CP] Check Pods Manifest.lock */ = {
			isa = PBXShellScriptBuildPhase;
			buildActionMask = 2147483647;
			files = (
			);
			inputPaths = (
				"${PODS_PODFILE_DIR_PATH}/Podfile.lock",
				"${PODS_ROOT}/Manifest.lock",
			);
			name = "[CP] Check Pods Manifest.lock";
			outputPaths = (
				"$(DERIVED_FILE_DIR)/Pods-SublimateClient-checkManifestLockResult.txt",
			);
			runOnlyForDeploymentPostprocessing = 0;
			shellPath = /bin/sh;
			shellScript = "diff \"${PODS_PODFILE_DIR_PATH}/Podfile.lock\" \"${PODS_ROOT}/Manifest.lock\" > /dev/null\nif [ $? != 0 ] ; then\n    # print error to STDERR\n    echo \"error: The sandbox is not in sync with the Podfile.lock. Run 'pod install' or update your CocoaPods installation.\" >&2\n    exit 1\nfi\n# This output is used by Xcode 'outputs' to avoid re-running this script phase.\necho \"SUCCESS\" > \"${SCRIPT_OUTPUT_FILE_0}\"\n";
			showEnvVarsInLog = 0;
		};
		576DE74D3D5D0259A1E8369C /* [CP] Check Pods Manifest.lock */ = {
			isa = PBXShellScriptBuildPhase;
			buildActionMask = 2147483647;
			files = (
			);
			inputPaths = (
				"${PODS_PODFILE_DIR_PATH}/Podfile.lock",
				"${PODS_ROOT}/Manifest.lock",
			);
			name = "[CP] Check Pods Manifest.lock";
			outputPaths = (
				"$(DERIVED_FILE_DIR)/Pods-SublimateClientUITests-checkManifestLockResult.txt",
			);
			runOnlyForDeploymentPostprocessing = 0;
			shellPath = /bin/sh;
			shellScript = "diff \"${PODS_PODFILE_DIR_PATH}/Podfile.lock\" \"${PODS_ROOT}/Manifest.lock\" > /dev/null\nif [ $? != 0 ] ; then\n    # print error to STDERR\n    echo \"error: The sandbox is not in sync with the Podfile.lock. Run 'pod install' or update your CocoaPods installation.\" >&2\n    exit 1\nfi\n# This output is used by Xcode 'outputs' to avoid re-running this script phase.\necho \"SUCCESS\" > \"${SCRIPT_OUTPUT_FILE_0}\"\n";
			showEnvVarsInLog = 0;
		};
		65D34FE1590267BB6E37B10C /* [CP] Embed Pods Frameworks */ = {
			isa = PBXShellScriptBuildPhase;
			buildActionMask = 2147483647;
			files = (
			);
			inputPaths = (
				"${SRCROOT}/Pods/Target Support Files/Pods-SublimateClient/Pods-SublimateClient-frameworks.sh",
				"${BUILT_PRODUCTS_DIR}/KeychainAccess/KeychainAccess.framework",
				"${BUILT_PRODUCTS_DIR}/NVActivityIndicatorView/NVActivityIndicatorView.framework",
				"${BUILT_PRODUCTS_DIR}/PromiseKit/PromiseKit.framework",
				"${BUILT_PRODUCTS_DIR}/ReachabilitySwift/Reachability.framework",
				"${BUILT_PRODUCTS_DIR}/Realm/Realm.framework",
				"${BUILT_PRODUCTS_DIR}/RealmSwift/RealmSwift.framework",
				"${BUILT_PRODUCTS_DIR}/RxAtomic/RxAtomic.framework",
				"${BUILT_PRODUCTS_DIR}/RxCocoa/RxCocoa.framework",
				"${BUILT_PRODUCTS_DIR}/RxReachability/RxReachability.framework",
				"${BUILT_PRODUCTS_DIR}/RxRealm/RxRealm.framework",
				"${BUILT_PRODUCTS_DIR}/RxRealmDataSources/RxRealmDataSources.framework",
				"${BUILT_PRODUCTS_DIR}/RxSwift/RxSwift.framework",
				"${BUILT_PRODUCTS_DIR}/SublimateSync/SublimateSync.framework",
				"${BUILT_PRODUCTS_DIR}/SublimateUI/SublimateUI.framework",
				"${BUILT_PRODUCTS_DIR}/SwiftMessages/SwiftMessages.framework",
				"${BUILT_PRODUCTS_DIR}/Swinject/Swinject.framework",
			);
			name = "[CP] Embed Pods Frameworks";
			outputPaths = (
				"${TARGET_BUILD_DIR}/${FRAMEWORKS_FOLDER_PATH}/KeychainAccess.framework",
				"${TARGET_BUILD_DIR}/${FRAMEWORKS_FOLDER_PATH}/NVActivityIndicatorView.framework",
				"${TARGET_BUILD_DIR}/${FRAMEWORKS_FOLDER_PATH}/PromiseKit.framework",
				"${TARGET_BUILD_DIR}/${FRAMEWORKS_FOLDER_PATH}/Reachability.framework",
				"${TARGET_BUILD_DIR}/${FRAMEWORKS_FOLDER_PATH}/Realm.framework",
				"${TARGET_BUILD_DIR}/${FRAMEWORKS_FOLDER_PATH}/RealmSwift.framework",
				"${TARGET_BUILD_DIR}/${FRAMEWORKS_FOLDER_PATH}/RxAtomic.framework",
				"${TARGET_BUILD_DIR}/${FRAMEWORKS_FOLDER_PATH}/RxCocoa.framework",
				"${TARGET_BUILD_DIR}/${FRAMEWORKS_FOLDER_PATH}/RxReachability.framework",
				"${TARGET_BUILD_DIR}/${FRAMEWORKS_FOLDER_PATH}/RxRealm.framework",
				"${TARGET_BUILD_DIR}/${FRAMEWORKS_FOLDER_PATH}/RxRealmDataSources.framework",
				"${TARGET_BUILD_DIR}/${FRAMEWORKS_FOLDER_PATH}/RxSwift.framework",
				"${TARGET_BUILD_DIR}/${FRAMEWORKS_FOLDER_PATH}/SublimateSync.framework",
				"${TARGET_BUILD_DIR}/${FRAMEWORKS_FOLDER_PATH}/SublimateUI.framework",
				"${TARGET_BUILD_DIR}/${FRAMEWORKS_FOLDER_PATH}/SwiftMessages.framework",
				"${TARGET_BUILD_DIR}/${FRAMEWORKS_FOLDER_PATH}/Swinject.framework",
			);
			runOnlyForDeploymentPostprocessing = 0;
			shellPath = /bin/sh;
			shellScript = "\"${SRCROOT}/Pods/Target Support Files/Pods-SublimateClient/Pods-SublimateClient-frameworks.sh\"\n";
			showEnvVarsInLog = 0;
		};
/* End PBXShellScriptBuildPhase section */

/* Begin PBXSourcesBuildPhase section */
		E02AACE42159806500F5E966 /* Sources */ = {
			isa = PBXSourcesBuildPhase;
			buildActionMask = 2147483647;
			files = (
				2EE6218A21E6FB0500297BAF /* ObjectModels.swift in Sources */,
				2EBB9A0521E4E8ED0083EDCC /* AppDelegate+Init.swift in Sources */,
				2E7B63B621E1633F00D6D981 /* AuthenticationViewController.swift in Sources */,
				2E76645421B04C4700B9DF3C /* AppDelegate+DI.swift in Sources */,
				2EEF402E21EB9AFD0063AEDA /* SyncableDTOs.swift in Sources */,
				2E2ABE34219346CA0001ADB6 /* ReadOnlyBehaviourRelay.swift in Sources */,
				2EB4E10F21D7C5940093C6E9 /* ObjectCell.swift in Sources */,
				2EB4E11D21D836B60093C6E9 /* SchemesTableViewController.swift in Sources */,
				2EE6218721E6FB0500297BAF /* Models+Randomizable.swift in Sources */,
				2EBB99FF21E47F2B0083EDCC /* MessageView+Utility.swift in Sources */,
				2EBB9A0721E4EF000083EDCC /* Types+Defaults.swift in Sources */,
				2EB4E11B21D829810093C6E9 /* SchemeCell.swift in Sources */,
				2EE6217021E4FED200297BAF /* FieldCell.swift in Sources */,
				2EB4E10521D666E70093C6E9 /* NetworkManager.swift in Sources */,
				2EEF402B21EB999F0063AEDA /* ObjectDTOs.swift in Sources */,
				2EBB9A0121E4AE670083EDCC /* FieldsTableViewController.swift in Sources */,
				2E183E5421E9FC61008F57D1 /* AuthenticationProtocols.swift in Sources */,
				2EEF402821EB8C040063AEDA /* ReadOnlyVariable.swift in Sources */,
				2E2ABE322193460A0001ADB6 /* Logger.swift in Sources */,
				2E7B63B221E1630000D6D981 /* AuthenticationClient.swift in Sources */,
				2E7B63B421E1631000D6D981 /* AuthenticationManager.swift in Sources */,
				2E76645D21B053F200B9DF3C /* RealmConfiguration+Utility.swift in Sources */,
				2E2ABE3821934DBB0001ADB6 /* Syncer.swift in Sources */,
				2EE6216C21E4F34A00297BAF /* LoremGenerator.swift in Sources */,
				2E7B63B821E1764900D6D981 /* JWT.swift in Sources */,
				2EE6218B21E6FB0500297BAF /* ServiceRegistration.swift in Sources */,
				2EEF402C21EB999F0063AEDA /* NetworkClients.swift in Sources */,
				2EF1BCAC21E8F90000DD7B43 /* SublimateUICompatible.swift in Sources */,
				2EE6218621E6FB0500297BAF /* Models+Presentable.swift in Sources */,
				2EE6217221E4FF8100297BAF /* UIStoryboard+Instantiate.swift in Sources */,
				2EBB9A0921E4EF650083EDCC /* Types+Random.swift in Sources */,
				2E2ABE3B2194AD150001ADB6 /* AppDelegate.swift in Sources */,
				2E2ABE2921933FDA0001ADB6 /* Syncable.swift in Sources */,
				2EE6217921E5159A00297BAF /* ActionPanelViewController.swift in Sources */,
				2EB4E10D21D6B0F70093C6E9 /* ObjectsTableViewController.swift in Sources */,
			);
			runOnlyForDeploymentPostprocessing = 0;
		};
		E02AACF82159806F00F5E966 /* Sources */ = {
			isa = PBXSourcesBuildPhase;
			buildActionMask = 2147483647;
			files = (
				E02AAD012159806F00F5E966 /* SublimateClientTests.swift in Sources */,
			);
			runOnlyForDeploymentPostprocessing = 0;
		};
		E02AAD032159806F00F5E966 /* Sources */ = {
			isa = PBXSourcesBuildPhase;
			buildActionMask = 2147483647;
			files = (
				E02AAD0C2159806F00F5E966 /* SublimateClientUITests.swift in Sources */,
			);
			runOnlyForDeploymentPostprocessing = 0;
		};
/* End PBXSourcesBuildPhase section */

/* Begin PBXTargetDependency section */
		E02AACFE2159806F00F5E966 /* PBXTargetDependency */ = {
			isa = PBXTargetDependency;
			target = E02AACE72159806500F5E966 /* SublimateClient */;
			targetProxy = E02AACFD2159806F00F5E966 /* PBXContainerItemProxy */;
		};
		E02AAD092159806F00F5E966 /* PBXTargetDependency */ = {
			isa = PBXTargetDependency;
			target = E02AACE72159806500F5E966 /* SublimateClient */;
			targetProxy = E02AAD082159806F00F5E966 /* PBXContainerItemProxy */;
		};
/* End PBXTargetDependency section */

/* Begin PBXVariantGroup section */
		E02AACEF2159806500F5E966 /* Main.storyboard */ = {
			isa = PBXVariantGroup;
			children = (
				E02AACF02159806500F5E966 /* Base */,
			);
			name = Main.storyboard;
			sourceTree = "<group>";
		};
		E02AACF42159806F00F5E966 /* LaunchScreen.storyboard */ = {
			isa = PBXVariantGroup;
			children = (
				E02AACF52159806F00F5E966 /* Base */,
			);
			name = LaunchScreen.storyboard;
			sourceTree = "<group>";
		};
/* End PBXVariantGroup section */

/* Begin XCBuildConfiguration section */
		E02AAD0E2159806F00F5E966 /* Debug */ = {
			isa = XCBuildConfiguration;
			buildSettings = {
				ALWAYS_SEARCH_USER_PATHS = NO;
				CLANG_ANALYZER_NONNULL = YES;
				CLANG_ANALYZER_NUMBER_OBJECT_CONVERSION = YES_AGGRESSIVE;
				CLANG_CXX_LANGUAGE_STANDARD = "gnu++14";
				CLANG_CXX_LIBRARY = "libc++";
				CLANG_ENABLE_MODULES = YES;
				CLANG_ENABLE_OBJC_ARC = YES;
				CLANG_ENABLE_OBJC_WEAK = YES;
				CLANG_WARN_BLOCK_CAPTURE_AUTORELEASING = YES;
				CLANG_WARN_BOOL_CONVERSION = YES;
				CLANG_WARN_COMMA = YES;
				CLANG_WARN_CONSTANT_CONVERSION = YES;
				CLANG_WARN_DEPRECATED_OBJC_IMPLEMENTATIONS = YES;
				CLANG_WARN_DIRECT_OBJC_ISA_USAGE = YES_ERROR;
				CLANG_WARN_DOCUMENTATION_COMMENTS = YES;
				CLANG_WARN_EMPTY_BODY = YES;
				CLANG_WARN_ENUM_CONVERSION = YES;
				CLANG_WARN_INFINITE_RECURSION = YES;
				CLANG_WARN_INT_CONVERSION = YES;
				CLANG_WARN_NON_LITERAL_NULL_CONVERSION = YES;
				CLANG_WARN_OBJC_IMPLICIT_RETAIN_SELF = YES;
				CLANG_WARN_OBJC_LITERAL_CONVERSION = YES;
				CLANG_WARN_OBJC_ROOT_CLASS = YES_ERROR;
				CLANG_WARN_RANGE_LOOP_ANALYSIS = YES;
				CLANG_WARN_STRICT_PROTOTYPES = YES;
				CLANG_WARN_SUSPICIOUS_MOVE = YES;
				CLANG_WARN_UNGUARDED_AVAILABILITY = YES_AGGRESSIVE;
				CLANG_WARN_UNREACHABLE_CODE = YES;
				CLANG_WARN__DUPLICATE_METHOD_MATCH = YES;
				CODE_SIGN_IDENTITY = "iPhone Developer";
				COPY_PHASE_STRIP = NO;
				DEBUG_INFORMATION_FORMAT = dwarf;
				ENABLE_STRICT_OBJC_MSGSEND = YES;
				ENABLE_TESTABILITY = YES;
				GCC_C_LANGUAGE_STANDARD = gnu11;
				GCC_DYNAMIC_NO_PIC = NO;
				GCC_NO_COMMON_BLOCKS = YES;
				GCC_OPTIMIZATION_LEVEL = 0;
				GCC_PREPROCESSOR_DEFINITIONS = (
					"DEBUG=1",
					"$(inherited)",
				);
				GCC_WARN_64_TO_32_BIT_CONVERSION = YES;
				GCC_WARN_ABOUT_RETURN_TYPE = YES_ERROR;
				GCC_WARN_UNDECLARED_SELECTOR = YES;
				GCC_WARN_UNINITIALIZED_AUTOS = YES_AGGRESSIVE;
				GCC_WARN_UNUSED_FUNCTION = YES;
				GCC_WARN_UNUSED_VARIABLE = YES;
				IPHONEOS_DEPLOYMENT_TARGET = 10.0;
				MTL_ENABLE_DEBUG_INFO = YES;
				ONLY_ACTIVE_ARCH = YES;
				SDKROOT = iphoneos;
				SWIFT_ACTIVE_COMPILATION_CONDITIONS = DEBUG;
				SWIFT_OPTIMIZATION_LEVEL = "-Onone";
				SWIFT_VERSION = 4.2;
			};
			name = Debug;
		};
		E02AAD0F2159806F00F5E966 /* Release */ = {
			isa = XCBuildConfiguration;
			buildSettings = {
				ALWAYS_SEARCH_USER_PATHS = NO;
				CLANG_ANALYZER_NONNULL = YES;
				CLANG_ANALYZER_NUMBER_OBJECT_CONVERSION = YES_AGGRESSIVE;
				CLANG_CXX_LANGUAGE_STANDARD = "gnu++14";
				CLANG_CXX_LIBRARY = "libc++";
				CLANG_ENABLE_MODULES = YES;
				CLANG_ENABLE_OBJC_ARC = YES;
				CLANG_ENABLE_OBJC_WEAK = YES;
				CLANG_WARN_BLOCK_CAPTURE_AUTORELEASING = YES;
				CLANG_WARN_BOOL_CONVERSION = YES;
				CLANG_WARN_COMMA = YES;
				CLANG_WARN_CONSTANT_CONVERSION = YES;
				CLANG_WARN_DEPRECATED_OBJC_IMPLEMENTATIONS = YES;
				CLANG_WARN_DIRECT_OBJC_ISA_USAGE = YES_ERROR;
				CLANG_WARN_DOCUMENTATION_COMMENTS = YES;
				CLANG_WARN_EMPTY_BODY = YES;
				CLANG_WARN_ENUM_CONVERSION = YES;
				CLANG_WARN_INFINITE_RECURSION = YES;
				CLANG_WARN_INT_CONVERSION = YES;
				CLANG_WARN_NON_LITERAL_NULL_CONVERSION = YES;
				CLANG_WARN_OBJC_IMPLICIT_RETAIN_SELF = YES;
				CLANG_WARN_OBJC_LITERAL_CONVERSION = YES;
				CLANG_WARN_OBJC_ROOT_CLASS = YES_ERROR;
				CLANG_WARN_RANGE_LOOP_ANALYSIS = YES;
				CLANG_WARN_STRICT_PROTOTYPES = YES;
				CLANG_WARN_SUSPICIOUS_MOVE = YES;
				CLANG_WARN_UNGUARDED_AVAILABILITY = YES_AGGRESSIVE;
				CLANG_WARN_UNREACHABLE_CODE = YES;
				CLANG_WARN__DUPLICATE_METHOD_MATCH = YES;
				CODE_SIGN_IDENTITY = "iPhone Developer";
				COPY_PHASE_STRIP = NO;
				DEBUG_INFORMATION_FORMAT = "dwarf-with-dsym";
				ENABLE_NS_ASSERTIONS = NO;
				ENABLE_STRICT_OBJC_MSGSEND = YES;
				GCC_C_LANGUAGE_STANDARD = gnu11;
				GCC_NO_COMMON_BLOCKS = YES;
				GCC_WARN_64_TO_32_BIT_CONVERSION = YES;
				GCC_WARN_ABOUT_RETURN_TYPE = YES_ERROR;
				GCC_WARN_UNDECLARED_SELECTOR = YES;
				GCC_WARN_UNINITIALIZED_AUTOS = YES_AGGRESSIVE;
				GCC_WARN_UNUSED_FUNCTION = YES;
				GCC_WARN_UNUSED_VARIABLE = YES;
				IPHONEOS_DEPLOYMENT_TARGET = 10.0;
				MTL_ENABLE_DEBUG_INFO = NO;
				SDKROOT = iphoneos;
				SWIFT_COMPILATION_MODE = wholemodule;
				SWIFT_OPTIMIZATION_LEVEL = "-O";
				SWIFT_VERSION = 4.2;
				VALIDATE_PRODUCT = YES;
			};
			name = Release;
		};
		E02AAD112159806F00F5E966 /* Debug */ = {
			isa = XCBuildConfiguration;
			baseConfigurationReference = 9DEBEC74B49C3A73F8B5FF42 /* Pods-SublimateClient.debug.xcconfig */;
			buildSettings = {
				ASSETCATALOG_COMPILER_APPICON_NAME = AppIcon;
				CLANG_ENABLE_MODULES = YES;
				CODE_SIGN_STYLE = Automatic;
				DEVELOPMENT_TEAM = SAYTHF9KR3;
				INFOPLIST_FILE = SublimateClient/Info.plist;
				LD_RUNPATH_SEARCH_PATHS = (
					"$(inherited)",
					"@executable_path/Frameworks",
				);
				PRODUCT_BUNDLE_IDENTIFIER = Gabriele.SublimateClient;
				PRODUCT_NAME = "$(TARGET_NAME)";
				SWIFT_OPTIMIZATION_LEVEL = "-Onone";
				SWIFT_VERSION = 4.2;
				TARGETED_DEVICE_FAMILY = "1,2";
			};
			name = Debug;
		};
		E02AAD122159806F00F5E966 /* Release */ = {
			isa = XCBuildConfiguration;
			baseConfigurationReference = EE8742DC38DA56E981062D45 /* Pods-SublimateClient.release.xcconfig */;
			buildSettings = {
				ASSETCATALOG_COMPILER_APPICON_NAME = AppIcon;
				CLANG_ENABLE_MODULES = YES;
				CODE_SIGN_STYLE = Automatic;
				DEVELOPMENT_TEAM = SAYTHF9KR3;
				INFOPLIST_FILE = SublimateClient/Info.plist;
				LD_RUNPATH_SEARCH_PATHS = (
					"$(inherited)",
					"@executable_path/Frameworks",
				);
				PRODUCT_BUNDLE_IDENTIFIER = Gabriele.SublimateClient;
				PRODUCT_NAME = "$(TARGET_NAME)";
				SWIFT_VERSION = 4.2;
				TARGETED_DEVICE_FAMILY = "1,2";
			};
			name = Release;
		};
		E02AAD142159806F00F5E966 /* Debug */ = {
			isa = XCBuildConfiguration;
			baseConfigurationReference = 61508C3A94014201378D8CAA /* Pods-SublimateClientTests.debug.xcconfig */;
			buildSettings = {
				ALWAYS_EMBED_SWIFT_STANDARD_LIBRARIES = YES;
				BUNDLE_LOADER = "$(TEST_HOST)";
				CODE_SIGN_STYLE = Automatic;
				INFOPLIST_FILE = SublimateClientTests/Info.plist;
				LD_RUNPATH_SEARCH_PATHS = (
					"$(inherited)",
					"@executable_path/Frameworks",
					"@loader_path/Frameworks",
				);
				PRODUCT_BUNDLE_IDENTIFIER = Gabriele.SublimateClientTests;
				PRODUCT_NAME = "$(TARGET_NAME)";
				SWIFT_VERSION = 4.0;
				TARGETED_DEVICE_FAMILY = "1,2";
				TEST_HOST = "$(BUILT_PRODUCTS_DIR)/SublimateClient.app/SublimateClient";
			};
			name = Debug;
		};
		E02AAD152159806F00F5E966 /* Release */ = {
			isa = XCBuildConfiguration;
			baseConfigurationReference = 4CF68A5DC7F6B153F8A736AB /* Pods-SublimateClientTests.release.xcconfig */;
			buildSettings = {
				ALWAYS_EMBED_SWIFT_STANDARD_LIBRARIES = YES;
				BUNDLE_LOADER = "$(TEST_HOST)";
				CODE_SIGN_STYLE = Automatic;
				INFOPLIST_FILE = SublimateClientTests/Info.plist;
				LD_RUNPATH_SEARCH_PATHS = (
					"$(inherited)",
					"@executable_path/Frameworks",
					"@loader_path/Frameworks",
				);
				PRODUCT_BUNDLE_IDENTIFIER = Gabriele.SublimateClientTests;
				PRODUCT_NAME = "$(TARGET_NAME)";
				SWIFT_VERSION = 4.0;
				TARGETED_DEVICE_FAMILY = "1,2";
				TEST_HOST = "$(BUILT_PRODUCTS_DIR)/SublimateClient.app/SublimateClient";
			};
			name = Release;
		};
		E02AAD172159806F00F5E966 /* Debug */ = {
			isa = XCBuildConfiguration;
			baseConfigurationReference = B35E76D9CFDFD6EA919EE81E /* Pods-SublimateClientUITests.debug.xcconfig */;
			buildSettings = {
				ALWAYS_EMBED_SWIFT_STANDARD_LIBRARIES = YES;
				CODE_SIGN_STYLE = Automatic;
				INFOPLIST_FILE = SublimateClientUITests/Info.plist;
				LD_RUNPATH_SEARCH_PATHS = (
					"$(inherited)",
					"@executable_path/Frameworks",
					"@loader_path/Frameworks",
				);
				PRODUCT_BUNDLE_IDENTIFIER = Gabriele.SublimateClientUITests;
				PRODUCT_NAME = "$(TARGET_NAME)";
				SWIFT_VERSION = 4.0;
				TARGETED_DEVICE_FAMILY = "1,2";
				TEST_TARGET_NAME = SublimateClient;
			};
			name = Debug;
		};
		E02AAD182159806F00F5E966 /* Release */ = {
			isa = XCBuildConfiguration;
			baseConfigurationReference = 0E87E7F9C2745200BC1CDE48 /* Pods-SublimateClientUITests.release.xcconfig */;
			buildSettings = {
				ALWAYS_EMBED_SWIFT_STANDARD_LIBRARIES = YES;
				CODE_SIGN_STYLE = Automatic;
				INFOPLIST_FILE = SublimateClientUITests/Info.plist;
				LD_RUNPATH_SEARCH_PATHS = (
					"$(inherited)",
					"@executable_path/Frameworks",
					"@loader_path/Frameworks",
				);
				PRODUCT_BUNDLE_IDENTIFIER = Gabriele.SublimateClientUITests;
				PRODUCT_NAME = "$(TARGET_NAME)";
				SWIFT_VERSION = 4.0;
				TARGETED_DEVICE_FAMILY = "1,2";
				TEST_TARGET_NAME = SublimateClient;
			};
			name = Release;
		};
/* End XCBuildConfiguration section */

/* Begin XCConfigurationList section */
		E02AACE32159806500F5E966 /* Build configuration list for PBXProject "SublimateClient" */ = {
			isa = XCConfigurationList;
			buildConfigurations = (
				E02AAD0E2159806F00F5E966 /* Debug */,
				E02AAD0F2159806F00F5E966 /* Release */,
			);
			defaultConfigurationIsVisible = 0;
			defaultConfigurationName = Release;
		};
		E02AAD102159806F00F5E966 /* Build configuration list for PBXNativeTarget "SublimateClient" */ = {
			isa = XCConfigurationList;
			buildConfigurations = (
				E02AAD112159806F00F5E966 /* Debug */,
				E02AAD122159806F00F5E966 /* Release */,
			);
			defaultConfigurationIsVisible = 0;
			defaultConfigurationName = Release;
		};
		E02AAD132159806F00F5E966 /* Build configuration list for PBXNativeTarget "SublimateClientTests" */ = {
			isa = XCConfigurationList;
			buildConfigurations = (
				E02AAD142159806F00F5E966 /* Debug */,
				E02AAD152159806F00F5E966 /* Release */,
			);
			defaultConfigurationIsVisible = 0;
			defaultConfigurationName = Release;
		};
		E02AAD162159806F00F5E966 /* Build configuration list for PBXNativeTarget "SublimateClientUITests" */ = {
			isa = XCConfigurationList;
			buildConfigurations = (
				E02AAD172159806F00F5E966 /* Debug */,
				E02AAD182159806F00F5E966 /* Release */,
			);
			defaultConfigurationIsVisible = 0;
			defaultConfigurationName = Release;
		};
/* End XCConfigurationList section */
	};
	rootObject = E02AACE02159806500F5E966 /* Project object */;
}
